
Microsoft Visual Studio Solution File, Format Version 12.00
# Visual Studio Version 17
VisualStudioVersion = 17.10.34607.79
MinimumVisualStudioVersion = 10.0.40219.1
Project("{FAE04EC0-301F-11D3-BF4B-00C04F79EFBC}") = "Module_16_ADO_WPF_Lessons", "Module_16_ADO_WPF_Lessons.csproj", "{8A5FC7AF-3B27-42DC-945A-C0F7C7F76261}"
EndProject
Global
	GlobalSection(SolutionConfigurationPlatforms) = preSolution
		Debug|Any CPU = Debug|Any CPU
		Release|Any CPU = Release|Any CPU
	EndGlobalSection
	GlobalSection(ProjectConfigurationPlatforms) = postSolution
		{8A5FC7AF-3B27-42DC-945A-C0F7C7F76261}.Debug|Any CPU.ActiveCfg = Debug|Any CPU
		{8A5FC7AF-3B27-42DC-945A-C0F7C7F76261}.Debug|Any CPU.Build.0 = Debug|Any CPU
		{8A5FC7AF-3B27-42DC-945A-C0F7C7F76261}.Release|Any CPU.ActiveCfg = Release|Any CPU
		{8A5FC7AF-3B27-42DC-945A-C0F7C7F76261}.Release|Any CPU.Build.0 = Release|Any CPU
	EndGlobalSection
	GlobalSection(SolutionProperties) = preSolution
		HideSolutionNode = FALSE
	EndGlobalSection
	GlobalSection(ExtensibilityGlobals) = postSolution
		SolutionGuid = {C2CF8B27-F94C-4ABA-8E5A-5717E00A7184}
	EndGlobalSection
EndGlobal
